// !$*UTF8*$!
{
	archiveVersion = 1;
	classes = {
	};
	objectVersion = 46;
	objects = {

/* Begin PBXBuildFile section */
		BE9A57981D1B3C1F00F37B48 /* main.m in Sources */ = {isa = PBXBuildFile; fileRef = BE9A57971D1B3C1F00F37B48 /* main.m */; };
		BE9A579B1D1B3C1F00F37B48 /* AppDelegate.m in Sources */ = {isa = PBXBuildFile; fileRef = BE9A579A1D1B3C1F00F37B48 /* AppDelegate.m */; };
		BE9A579E1D1B3C1F00F37B48 /* ViewController.m in Sources */ = {isa = PBXBuildFile; fileRef = BE9A579D1D1B3C1F00F37B48 /* ViewController.m */; };
		BE9A57A11D1B3C1F00F37B48 /* Main.storyboard in Resources */ = {isa = PBXBuildFile; fileRef = BE9A579F1D1B3C1F00F37B48 /* Main.storyboard */; };
		BE9A57A31D1B3C1F00F37B48 /* Assets.xcassets in Resources */ = {isa = PBXBuildFile; fileRef = BE9A57A21D1B3C1F00F37B48 /* Assets.xcassets */; };
		BE9A57A61D1B3C1F00F37B48 /* LaunchScreen.storyboard in Resources */ = {isa = PBXBuildFile; fileRef = BE9A57A41D1B3C1F00F37B48 /* LaunchScreen.storyboard */; };
		BEE1A2351D1B3CDA0076619B /* TimelineStatePanel.m in Sources */ = {isa = PBXBuildFile; fileRef = BEE1A2341D1B3CDA0076619B /* TimelineStatePanel.m */; };
/* End PBXBuildFile section */

/* Begin PBXFileReference section */
		BE9A57931D1B3C1E00F37B48 /* TimelineStatePrototype.app */ = {isa = PBXFileReference; explicitFileType = wrapper.application; includeInIndex = 0; path = TimelineStatePrototype.app; sourceTree = BUILT_PRODUCTS_DIR; };
		BE9A57971D1B3C1F00F37B48 /* main.m */ = {isa = PBXFileReference; lastKnownFileType = sourcecode.c.objc; path = main.m; sourceTree = "<group>"; };
		BE9A57991D1B3C1F00F37B48 /* AppDelegate.h */ = {isa = PBXFileReference; lastKnownFileType = sourcecode.c.h; path = AppDelegate.h; sourceTree = "<group>"; };
		BE9A579A1D1B3C1F00F37B48 /* AppDelegate.m */ = {isa = PBXFileReference; lastKnownFileType = sourcecode.c.objc; path = AppDelegate.m; sourceTree = "<group>"; };
		BE9A579C1D1B3C1F00F37B48 /* ViewController.h */ = {isa = PBXFileReference; lastKnownFileType = sourcecode.c.h; path = ViewController.h; sourceTree = "<group>"; };
		BE9A579D1D1B3C1F00F37B48 /* ViewController.m */ = {isa = PBXFileReference; lastKnownFileType = sourcecode.c.objc; path = ViewController.m; sourceTree = "<group>"; };
		BE9A57A01D1B3C1F00F37B48 /* Base */ = {isa = PBXFileReference; lastKnownFileType = file.storyboard; name = Base; path = Base.lproj/Main.storyboard; sourceTree = "<group>"; };
		BE9A57A21D1B3C1F00F37B48 /* Assets.xcassets */ = {isa = PBXFileReference; lastKnownFileType = folder.assetcatalog; path = Assets.xcassets; sourceTree = "<group>"; };
		BE9A57A51D1B3C1F00F37B48 /* Base */ = {isa = PBXFileReference; lastKnownFileType = file.storyboard; name = Base; path = Base.lproj/LaunchScreen.storyboard; sourceTree = "<group>"; };
		BE9A57A71D1B3C1F00F37B48 /* Info.plist */ = {isa = PBXFileReference; lastKnownFileType = text.plist.xml; path = Info.plist; sourceTree = "<group>"; };
		BEE1A2331D1B3CDA0076619B /* TimelineStatePanel.h */ = {isa = PBXFileReference; fileEncoding = 4; lastKnownFileType = sourcecode.c.h; path = TimelineStatePanel.h; sourceTree = "<group>"; };
		BEE1A2341D1B3CDA0076619B /* TimelineStatePanel.m */ = {isa = PBXFileReference; fileEncoding = 4; lastKnownFileType = sourcecode.c.objc; path = TimelineStatePanel.m; sourceTree = "<group>"; };
/* End PBXFileReference section */

/* Begin PBXFrameworksBuildPhase section */
		BE9A57901D1B3C1E00F37B48 /* Frameworks */ = {
			isa = PBXFrameworksBuildPhase;
			buildActionMask = 2147483647;
			files = (
			);
			runOnlyForDeploymentPostprocessing = 0;
		};
/* End PBXFrameworksBuildPhase section */

/* Begin PBXGroup section */
		BE9A578A1D1B3C1E00F37B48 = {
			isa = PBXGroup;
			children = (
				BE9A57951D1B3C1F00F37B48 /* TimelineStatePrototype */,
				BE9A57941D1B3C1E00F37B48 /* Products */,
			);
			sourceTree = "<group>";
		};
		BE9A57941D1B3C1E00F37B48 /* Products */ = {
			isa = PBXGroup;
			children = (
				BE9A57931D1B3C1E00F37B48 /* TimelineStatePrototype.app */,
			);
			name = Products;
			sourceTree = "<group>";
		};
		BE9A57951D1B3C1F00F37B48 /* TimelineStatePrototype */ = {
			isa = PBXGroup;
			children = (
				BE9A57991D1B3C1F00F37B48 /* AppDelegate.h */,
				BE9A579A1D1B3C1F00F37B48 /* AppDelegate.m */,
				BE9A579C1D1B3C1F00F37B48 /* ViewController.h */,
				BE9A579D1D1B3C1F00F37B48 /* ViewController.m */,
				BE9A579F1D1B3C1F00F37B48 /* Main.storyboard */,
				BE9A57A21D1B3C1F00F37B48 /* Assets.xcassets */,
				BE9A57A41D1B3C1F00F37B48 /* LaunchScreen.storyboard */,
				BE9A57A71D1B3C1F00F37B48 /* Info.plist */,
				BE9A57961D1B3C1F00F37B48 /* Supporting Files */,
				BEE1A2331D1B3CDA0076619B /* TimelineStatePanel.h */,
				BEE1A2341D1B3CDA0076619B /* TimelineStatePanel.m */,
			);
			path = TimelineStatePrototype;
			sourceTree = "<group>";
		};
		BE9A57961D1B3C1F00F37B48 /* Supporting Files */ = {
			isa = PBXGroup;
			children = (
				BE9A57971D1B3C1F00F37B48 /* main.m */,
			);
			name = "Supporting Files";
			sourceTree = "<group>";
		};
/* End PBXGroup section */

/* Begin PBXNativeTarget section */
		BE9A57921D1B3C1E00F37B48 /* TimelineStatePrototype */ = {
			isa = PBXNativeTarget;
			buildConfigurationList = BE9A57AA1D1B3C1F00F37B48 /* Build configuration list for PBXNativeTarget "TimelineStatePrototype" */;
			buildPhases = (
				BE9A578F1D1B3C1E00F37B48 /* Sources */,
				BE9A57901D1B3C1E00F37B48 /* Frameworks */,
				BE9A57911D1B3C1E00F37B48 /* Resources */,
			);
			buildRules = (
			);
			dependencies = (
			);
			name = TimelineStatePrototype;
			productName = TimelineStatePrototype;
			productReference = BE9A57931D1B3C1E00F37B48 /* TimelineStatePrototype.app */;
			productType = "com.apple.product-type.application";
		};
/* End PBXNativeTarget section */

/* Begin PBXProject section */
		BE9A578B1D1B3C1E00F37B48 /* Project object */ = {
			isa = PBXProject;
			attributes = {
				LastUpgradeCheck = 0730;
				ORGANIZATIONNAME = Murphlab;
				TargetAttributes = {
					BE9A57921D1B3C1E00F37B48 = {
						CreatedOnToolsVersion = 7.3.1;
					};
				};
			};
			buildConfigurationList = BE9A578E1D1B3C1E00F37B48 /* Build configuration list for PBXProject "TimelineStatePrototype" */;
			compatibilityVersion = "Xcode 3.2";
			developmentRegion = English;
			hasScannedForEncodings = 0;
			knownRegions = (
				en,
				Base,
			);
			mainGroup = BE9A578A1D1B3C1E00F37B48;
			productRefGroup = BE9A57941D1B3C1E00F37B48 /* Products */;
			projectDirPath = "";
			projectRoot = "";
			targets = (
				BE9A57921D1B3C1E00F37B48 /* TimelineStatePrototype */,
			);
		};
/* End PBXProject section */

/* Begin PBXResourcesBuildPhase section */
		BE9A57911D1B3C1E00F37B48 /* Resources */ = {
			isa = PBXResourcesBuildPhase;
			buildActionMask = 2147483647;
			files = (
				BE9A57A61D1B3C1F00F37B48 /* LaunchScreen.storyboard in Resources */,
				BE9A57A31D1B3C1F00F37B48 /* Assets.xcassets in Resources */,
				BE9A57A11D1B3C1F00F37B48 /* Main.storyboard in Resources */,
			);
			runOnlyForDeploymentPostprocessing = 0;
		};
/* End PBXResourcesBuildPhase section */

/* Begin PBXSourcesBuildPhase section */
		BE9A578F1D1B3C1E00F37B48 /* Sources */ = {
			isa = PBXSourcesBuildPhase;
			buildActionMask = 2147483647;
			files = (
				BE9A579E1D1B3C1F00F37B48 /* ViewController.m in Sources */,
				BE9A579B1D1B3C1F00F37B48 /* AppDelegate.m in Sources */,
				BE9A57981D1B3C1F00F37B48 /* main.m in Sources */,
				BEE1A2351D1B3CDA0076619B /* TimelineStatePanel.m in Sources */,
			);
			runOnlyForDeploymentPostprocessing = 0;
		};
/* End PBXSourcesBuildPhase section */

/* Begin PBXVariantGroup section */
		BE9A579F1D1B3C1F00F37B48 /* Main.storyboard */ = {
			isa = PBXVariantGroup;
			children = (
				BE9A57A01D1B3C1F00F37B48 /* Base */,
			);
			name = Main.storyboard;
			sourceTree = "<group>";
		};
		BE9A57A41D1B3C1F00F37B48 /* LaunchScreen.storyboard */ = {
			isa = PBXVariantGroup;
			children = (
				BE9A57A51D1B3C1F00F37B48 /* Base */,
			);
			name = LaunchScreen.storyboard;
			sourceTree = "<group>";
		};
/* End PBXVariantGroup section */

/* Begin XCBuildConfiguration section */
		BE9A57A81D1B3C1F00F37B48 /* Debug */ = {
			isa = XCBuildConfiguration;
			buildSettings = {
				ALWAYS_SEARCH_USER_PATHS = NO;
				CLANG_ANALYZER_NONNULL = YES;
				CLANG_CXX_LANGUAGE_STANDARD = "gnu++0x";
				CLANG_CXX_LIBRARY = "libc++";
				CLANG_ENABLE_MODULES = YES;
				CLANG_ENABLE_OBJC_ARC = YES;
				CLANG_WARN_BOOL_CONVERSION = YES;
				CLANG_WARN_CONSTANT_CONVERSION = YES;
				CLANG_WARN_DIRECT_OBJC_ISA_USAGE = YES_ERROR;
				CLANG_WARN_EMPTY_BODY = YES;
				CLANG_WARN_ENUM_CONVERSION = YES;
				CLANG_WARN_INT_CONVERSION = YES;
				CLANG_WARN_OBJC_ROOT_CLASS = YES_ERROR;
				CLANG_WARN_UNREACHABLE_CODE = YES;
				CLANG_WARN__DUPLICATE_METHOD_MATCH = YES;
				"CODE_SIGN_IDENTITY[sdk=iphoneos*]" = "iPhone Developer";
				COPY_PHASE_STRIP = NO;
				DEBUG_INFORMATION_FORMAT = dwarf;
				ENABLE_STRICT_OBJC_MSGSEND = YES;
				ENABLE_TESTABILITY = YES;
				GCC_C_LANGUAGE_STANDARD = gnu99;
				GCC_DYNAMIC_NO_PIC = NO;
				GCC_NO_COMMON_BLOCKS = YES;
				GCC_OPTIMIZATION_LEVEL = 0;
				GCC_PREPROCESSOR_DEFINITIONS = (
					"DEBUG=1",
					"$(inherited)",
				);
				GCC_WARN_64_TO_32_BIT_CONVERSION = YES;
				GCC_WARN_ABOUT_RETURN_TYPE = YES_ERROR;
				GCC_WARN_UNDECLARED_SELECTOR = YES;
				GCC_WARN_UNINITIALIZED_AUTOS = YES_AGGRESSIVE;
				GCC_WARN_UNUSED_FUNCTION = YES;
				GCC_WARN_UNUSED_VARIABLE = YES;
				IPHONEOS_DEPLOYMENT_TARGET = 9.3;
				MTL_ENABLE_DEBUG_INFO = YES;
				ONLY_ACTIVE_ARCH = YES;
				SDKROOT = iphoneos;
				TARGETED_DEVICE_FAMILY = "1,2";
			};
			name = Debug;
		};
		BE9A57A91D1B3C1F00F37B48 /* Release */ = {
			isa = XCBuildConfiguration;
			buildSettings = {
				ALWAYS_SEARCH_USER_PATHS = NO;
				CLANG_ANALYZER_NONNULL = YES;
				CLANG_CXX_LANGUAGE_STANDARD = "gnu++0x";
				CLANG_CXX_LIBRARY = "libc++";
				CLANG_ENABLE_MODULES = YES;
				CLANG_ENABLE_OBJC_ARC = YES;
				CLANG_WARN_BOOL_CONVERSION = YES;
				CLANG_WARN_CONSTANT_CONVERSION = YES;
				CLANG_WARN_DIRECT_OBJC_ISA_USAGE = YES_ERROR;
				CLANG_WARN_EMPTY_BODY = YES;
				CLANG_WARN_ENUM_CONVERSION = YES;
				CLANG_WARN_INT_CONVERSION = YES;
				CLANG_WARN_OBJC_ROOT_CLASS = YES_ERROR;
				CLANG_WARN_UNREACHABLE_CODE = YES;
				CLANG_WARN__DUPLICATE_METHOD_MATCH = YES;
				"CODE_SIGN_IDENTITY[sdk=iphoneos*]" = "iPhone Developer";
				COPY_PHASE_STRIP = NO;
				DEBUG_INFORMATION_FORMAT = "dwarf-with-dsym";
				ENABLE_NS_ASSERTIONS = NO;
				ENABLE_STRICT_OBJC_MSGSEND = YES;
				GCC_C_LANGUAGE_STANDARD = gnu99;
				GCC_NO_COMMON_BLOCKS = YES;
				GCC_WARN_64_TO_32_BIT_CONVERSION = YES;
				GCC_WARN_ABOUT_RETURN_TYPE = YES_ERROR;
				GCC_WARN_UNDECLARED_SELECTOR = YES;
				GCC_WARN_UNINITIALIZED_AUTOS = YES_AGGRESSIVE;
				GCC_WARN_UNUSED_FUNCTION = YES;
				GCC_WARN_UNUSED_VARIABLE = YES;
				IPHONEOS_DEPLOYMENT_TARGET = 9.3;
				MTL_ENABLE_DEBUG_INFO = NO;
				SDKROOT = iphoneos;
				TARGETED_DEVICE_FAMILY = "1,2";
				VALIDATE_PRODUCT = YES;
			};
			name = Release;
		};
		BE9A57AB1D1B3C1F00F37B48 /* Debug */ = {
			isa = XCBuildConfiguration;
			buildSettings = {
				ASSETCATALOG_COMPILER_APPICON_NAME = AppIcon;
				INFOPLIST_FILE = TimelineStatePrototype/Info.plist;
				LD_RUNPATH_SEARCH_PATHS = "$(inherited) @executable_path/Frameworks";
				PRODUCT_BUNDLE_IDENTIFIER = com.Murphlab.TimelineStatePrototype;
				PRODUCT_NAME = "$(TARGET_NAME)";
			};
			name = Debug;
		};
		BE9A57AC1D1B3C1F00F37B48 /* Release */ = {
			isa = XCBuildConfiguration;
			buildSettings = {
				ASSETCATALOG_COMPILER_APPICON_NAME = AppIcon;
				INFOPLIST_FILE = TimelineStatePrototype/Info.plist;
				LD_RUNPATH_SEARCH_PATHS = "$(inherited) @executable_path/Frameworks";
				PRODUCT_BUNDLE_IDENTIFIER = com.Murphlab.TimelineStatePrototype;
				PRODUCT_NAME = "$(TARGET_NAME)";
			};
			name = Release;
		};
/* End XCBuildConfiguration section */

/* Begin XCConfigurationList section */
		BE9A578E1D1B3C1E00F37B48 /* Build configuration list for PBXProject "TimelineStatePrototype" */ = {
			isa = XCConfigurationList;
			buildConfigurations = (
				BE9A57A81D1B3C1F00F37B48 /* Debug */,
				BE9A57A91D1B3C1F00F37B48 /* Release */,
			);
			defaultConfigurationIsVisible = 0;
			defaultConfigurationName = Release;
		};
		BE9A57AA1D1B3C1F00F37B48 /* Build configuration list for PBXNativeTarget "TimelineStatePrototype" */ = {
			isa = XCConfigurationList;
			buildConfigurations = (
				BE9A57AB1D1B3C1F00F37B48 /* Debug */,
				BE9A57AC1D1B3C1F00F37B48 /* Release */,
			);
			defaultConfigurationIsVisible = 0;
			defaultConfigurationName = Release;
		};
/* End XCConfigurationList section */
	};
	rootObject = BE9A578B1D1B3C1E00F37B48 /* Project object */;
}
